
Microsoft Visual Studio Solution File, Format Version 12.00
# Visual Studio Version 17
VisualStudioVersion = 17.5.33530.505
MinimumVisualStudioVersion = 10.0.40219.1
Project("{FAE04EC0-301F-11D3-BF4B-00C04F79EFBC}") = "Q2", "Q2\Q2.csproj", "{E58CBF87-E2B5-4EC3-B11E-287C7B69C605}"
EndProject
Global
	GlobalSection(SolutionConfigurationPlatforms) = preSolution
		Debug|Any CPU = Debug|Any CPU
		Release|Any CPU = Release|Any CPU
	EndGlobalSection
	GlobalSection(ProjectConfigurationPlatforms) = postSolution
		{E58CBF87-E2B5-4EC3-B11E-287C7B69C605}.Debug|Any CPU.ActiveCfg = Debug|Any CPU
		{E58CBF87-E2B5-4EC3-B11E-287C7B69C605}.Debug|Any CPU.Build.0 = Debug|Any CPU
		{E58CBF87-E2B5-4EC3-B11E-287C7B69C605}.Release|Any CPU.ActiveCfg = Release|Any CPU
		{E58CBF87-E2B5-4EC3-B11E-287C7B69C605}.Release|Any CPU.Build.0 = Release|Any CPU
	EndGlobalSection
	GlobalSection(SolutionProperties) = preSolution
		HideSolutionNode = FALSE
	EndGlobalSection
	GlobalSection(ExtensibilityGlobals) = postSolution
		SolutionGuid = {05EDE7DC-4CDD-46DC-822A-5F84BC39FB63}
	EndGlobalSection
EndGlobal
