
Microsoft Visual Studio Solution File, Format Version 12.00
# Visual Studio Version 17
VisualStudioVersion = 17.5.33530.505
MinimumVisualStudioVersion = 10.0.40219.1
Project("{FAE04EC0-301F-11D3-BF4B-00C04F79EFBC}") = "L2 Q1", "L2 Q1\L2 Q1.csproj", "{C25D375E-2A17-4521-ABEF-0E1589783C3D}"
EndProject
Global
	GlobalSection(SolutionConfigurationPlatforms) = preSolution
		Debug|Any CPU = Debug|Any CPU
		Release|Any CPU = Release|Any CPU
	EndGlobalSection
	GlobalSection(ProjectConfigurationPlatforms) = postSolution
		{C25D375E-2A17-4521-ABEF-0E1589783C3D}.Debug|Any CPU.ActiveCfg = Debug|Any CPU
		{C25D375E-2A17-4521-ABEF-0E1589783C3D}.Debug|Any CPU.Build.0 = Debug|Any CPU
		{C25D375E-2A17-4521-ABEF-0E1589783C3D}.Release|Any CPU.ActiveCfg = Release|Any CPU
		{C25D375E-2A17-4521-ABEF-0E1589783C3D}.Release|Any CPU.Build.0 = Release|Any CPU
	EndGlobalSection
	GlobalSection(SolutionProperties) = preSolution
		HideSolutionNode = FALSE
	EndGlobalSection
	GlobalSection(ExtensibilityGlobals) = postSolution
		SolutionGuid = {78C9AFE7-8C15-4196-B41A-2EED62A3FB9D}
	EndGlobalSection
EndGlobal
